
Microsoft Visual Studio Solution File, Format Version 12.00
# Visual Studio Version 16
VisualStudioVersion = 25.0.1703.7
MinimumVisualStudioVersion = 10.0.40219.1
Project("{FAE04EC0-301F-11D3-BF4B-00C04F79EFBC}") = "SignTest", "SignTest\SignTest.csproj", "{73E3D746-A171-4EED-8257-353D1DF8C407}"
EndProject
Global
	GlobalSection(SolutionConfigurationPlatforms) = preSolution
		Debug|iPhoneSimulator = Debug|iPhoneSimulator
		Release|iPhoneSimulator = Release|iPhoneSimulator
		Debug|iPhone = Debug|iPhone
		Release|iPhone = Release|iPhone
	EndGlobalSection
	GlobalSection(ProjectConfigurationPlatforms) = postSolution
		{73E3D746-A171-4EED-8257-353D1DF8C407}.Debug|iPhoneSimulator.ActiveCfg = Debug|iPhoneSimulator
		{73E3D746-A171-4EED-8257-353D1DF8C407}.Debug|iPhoneSimulator.Build.0 = Debug|iPhoneSimulator
		{73E3D746-A171-4EED-8257-353D1DF8C407}.Release|iPhoneSimulator.ActiveCfg = Release|iPhoneSimulator
		{73E3D746-A171-4EED-8257-353D1DF8C407}.Release|iPhoneSimulator.Build.0 = Release|iPhoneSimulator
		{73E3D746-A171-4EED-8257-353D1DF8C407}.Debug|iPhone.ActiveCfg = Debug|iPhone
		{73E3D746-A171-4EED-8257-353D1DF8C407}.Debug|iPhone.Build.0 = Debug|iPhone
		{73E3D746-A171-4EED-8257-353D1DF8C407}.Release|iPhone.ActiveCfg = Release|iPhone
		{73E3D746-A171-4EED-8257-353D1DF8C407}.Release|iPhone.Build.0 = Release|iPhone
	EndGlobalSection
	GlobalSection(SolutionProperties) = preSolution
		HideSolutionNode = FALSE
	EndGlobalSection
	GlobalSection(ExtensibilityGlobals) = postSolution
		SolutionGuid = {00F55071-DCDD-4B85-9224-028570CEEDF4}
	EndGlobalSection
EndGlobal
